
Microsoft Visual Studio Solution File, Format Version 12.00
# Visual Studio 14
VisualStudioVersion = 14.0.23107.0
MinimumVisualStudioVersion = 10.0.40219.1
Project("{159641D6-6404-4A2A-AE62-294DE0FE8301}") = "MonthlyAFRS", "MonthlyAFRS\MonthlyAFRS.dtproj", "{2D2E50ED-5103-4A1F-B205-54E827C72996}"
EndProject
Global
	GlobalSection(SolutionConfigurationPlatforms) = preSolution
		Development|Default = Development|Default
	EndGlobalSection
	GlobalSection(ProjectConfigurationPlatforms) = postSolution
		{2D2E50ED-5103-4A1F-B205-54E827C72996}.Development|Default.ActiveCfg = Development
		{2D2E50ED-5103-4A1F-B205-54E827C72996}.Development|Default.Build.0 = Development
	EndGlobalSection
	GlobalSection(SolutionProperties) = preSolution
		HideSolutionNode = FALSE
	EndGlobalSection
EndGlobal
